
Microsoft Visual Studio Solution File, Format Version 12.00
# Visual Studio Version 17
VisualStudioVersion = 17.5.33414.496
MinimumVisualStudioVersion = 10.0.40219.1
Project("{9A19103F-16F7-4668-BE54-9A1E7A4F7556}") = "factory", "factory\factory.csproj", "{9B64D5AA-302E-4960-A1F1-5EFF404CC687}"
EndProject
Project("{9A19103F-16F7-4668-BE54-9A1E7A4F7556}") = "builder", "builder\builder.csproj", "{3E4AC1A1-8535-41AB-A486-B513BA2414B0}"
EndProject
Project("{9A19103F-16F7-4668-BE54-9A1E7A4F7556}") = "singleton", "singleton\singleton.csproj", "{6165ED61-821F-41AD-A8A4-FA506F92E01B}"
EndProject
Project("{FAE04EC0-301F-11D3-BF4B-00C04F79EFBC}") = "abstract-factory", "abstract-factory\abstract-factory.csproj", "{4468AD52-A756-45C2-A14F-1E6642F98978}"
EndProject
Project("{FAE04EC0-301F-11D3-BF4B-00C04F79EFBC}") = "prototype", "prototype\prototype.csproj", "{07B00165-E2C4-4DEF-9A49-342DB45E18DA}"
EndProject
Global
	GlobalSection(SolutionConfigurationPlatforms) = preSolution
		Debug|Any CPU = Debug|Any CPU
		Release|Any CPU = Release|Any CPU
	EndGlobalSection
	GlobalSection(ProjectConfigurationPlatforms) = postSolution
		{9B64D5AA-302E-4960-A1F1-5EFF404CC687}.Debug|Any CPU.ActiveCfg = Debug|Any CPU
		{9B64D5AA-302E-4960-A1F1-5EFF404CC687}.Debug|Any CPU.Build.0 = Debug|Any CPU
		{9B64D5AA-302E-4960-A1F1-5EFF404CC687}.Release|Any CPU.ActiveCfg = Release|Any CPU
		{9B64D5AA-302E-4960-A1F1-5EFF404CC687}.Release|Any CPU.Build.0 = Release|Any CPU
		{3E4AC1A1-8535-41AB-A486-B513BA2414B0}.Debug|Any CPU.ActiveCfg = Debug|Any CPU
		{3E4AC1A1-8535-41AB-A486-B513BA2414B0}.Debug|Any CPU.Build.0 = Debug|Any CPU
		{3E4AC1A1-8535-41AB-A486-B513BA2414B0}.Release|Any CPU.ActiveCfg = Release|Any CPU
		{3E4AC1A1-8535-41AB-A486-B513BA2414B0}.Release|Any CPU.Build.0 = Release|Any CPU
		{6165ED61-821F-41AD-A8A4-FA506F92E01B}.Debug|Any CPU.ActiveCfg = Debug|Any CPU
		{6165ED61-821F-41AD-A8A4-FA506F92E01B}.Debug|Any CPU.Build.0 = Debug|Any CPU
		{6165ED61-821F-41AD-A8A4-FA506F92E01B}.Release|Any CPU.ActiveCfg = Release|Any CPU
		{6165ED61-821F-41AD-A8A4-FA506F92E01B}.Release|Any CPU.Build.0 = Release|Any CPU
		{4468AD52-A756-45C2-A14F-1E6642F98978}.Debug|Any CPU.ActiveCfg = Debug|Any CPU
		{4468AD52-A756-45C2-A14F-1E6642F98978}.Debug|Any CPU.Build.0 = Debug|Any CPU
		{4468AD52-A756-45C2-A14F-1E6642F98978}.Release|Any CPU.ActiveCfg = Release|Any CPU
		{4468AD52-A756-45C2-A14F-1E6642F98978}.Release|Any CPU.Build.0 = Release|Any CPU
		{07B00165-E2C4-4DEF-9A49-342DB45E18DA}.Debug|Any CPU.ActiveCfg = Debug|Any CPU
		{07B00165-E2C4-4DEF-9A49-342DB45E18DA}.Debug|Any CPU.Build.0 = Debug|Any CPU
		{07B00165-E2C4-4DEF-9A49-342DB45E18DA}.Release|Any CPU.ActiveCfg = Release|Any CPU
		{07B00165-E2C4-4DEF-9A49-342DB45E18DA}.Release|Any CPU.Build.0 = Release|Any CPU
	EndGlobalSection
	GlobalSection(SolutionProperties) = preSolution
		HideSolutionNode = FALSE
	EndGlobalSection
	GlobalSection(ExtensibilityGlobals) = postSolution
		SolutionGuid = {FCEC96C5-56AE-4532-A5A2-7B1766C473C9}
	EndGlobalSection
EndGlobal
