Microsoft Visual Studio Solution File, Format Version 12.00
# Visual Studio Version 17
VisualStudioVersion = 17.5.33516.290
MinimumVisualStudioVersion = 10.0.40219.1
Project("{9A19103F-16F7-4668-BE54-9A1E7A4F7556}") = "adapter", "adapter\adapter.csproj", "{52F7A708-2378-4F4B-97CA-C843BAE0FC9C}"
EndProject
Project("{9A19103F-16F7-4668-BE54-9A1E7A4F7556}") = "decorator", "decorator\decorator.csproj", "{C7504323-6E43-464F-B99C-D8E5CE9FF31A}"
EndProject
Project("{9A19103F-16F7-4668-BE54-9A1E7A4F7556}") = "bridge", "bridge\bridge.csproj", "{0C2E4149-5D3F-4258-A936-D77CEE3C9860}"
EndProject
Project("{9A19103F-16F7-4668-BE54-9A1E7A4F7556}") = "proxy", "proxy\proxy.csproj", "{8FD8E0FF-1AFE-46B9-BCB9-60B580389801}"
EndProject
Project("{FAE04EC0-301F-11D3-BF4B-00C04F79EFBC}") = "facade", "facade\facade.csproj", "{4BE735D4-8ACB-4866-8F5C-85DD932A2A2E}"
EndProject
Global
	GlobalSection(SolutionConfigurationPlatforms) = preSolution
		Debug|Any CPU = Debug|Any CPU
		Release|Any CPU = Release|Any CPU
	EndGlobalSection
	GlobalSection(ProjectConfigurationPlatforms) = postSolution
		{52F7A708-2378-4F4B-97CA-C843BAE0FC9C}.Debug|Any CPU.ActiveCfg = Debug|Any CPU
		{52F7A708-2378-4F4B-97CA-C843BAE0FC9C}.Debug|Any CPU.Build.0 = Debug|Any CPU
		{52F7A708-2378-4F4B-97CA-C843BAE0FC9C}.Release|Any CPU.ActiveCfg = Release|Any CPU
		{52F7A708-2378-4F4B-97CA-C843BAE0FC9C}.Release|Any CPU.Build.0 = Release|Any CPU
		{C7504323-6E43-464F-B99C-D8E5CE9FF31A}.Debug|Any CPU.ActiveCfg = Debug|Any CPU
		{C7504323-6E43-464F-B99C-D8E5CE9FF31A}.Debug|Any CPU.Build.0 = Debug|Any CPU
		{C7504323-6E43-464F-B99C-D8E5CE9FF31A}.Release|Any CPU.ActiveCfg = Release|Any CPU
		{C7504323-6E43-464F-B99C-D8E5CE9FF31A}.Release|Any CPU.Build.0 = Release|Any CPU
		{0C2E4149-5D3F-4258-A936-D77CEE3C9860}.Debug|Any CPU.ActiveCfg = Debug|Any CPU
		{0C2E4149-5D3F-4258-A936-D77CEE3C9860}.Debug|Any CPU.Build.0 = Debug|Any CPU
		{0C2E4149-5D3F-4258-A936-D77CEE3C9860}.Release|Any CPU.ActiveCfg = Release|Any CPU
		{0C2E4149-5D3F-4258-A936-D77CEE3C9860}.Release|Any CPU.Build.0 = Release|Any CPU
		{8FD8E0FF-1AFE-46B9-BCB9-60B580389801}.Debug|Any CPU.ActiveCfg = Debug|Any CPU
		{8FD8E0FF-1AFE-46B9-BCB9-60B580389801}.Debug|Any CPU.Build.0 = Debug|Any CPU
		{8FD8E0FF-1AFE-46B9-BCB9-60B580389801}.Release|Any CPU.ActiveCfg = Release|Any CPU
		{8FD8E0FF-1AFE-46B9-BCB9-60B580389801}.Release|Any CPU.Build.0 = Release|Any CPU
		{4BE735D4-8ACB-4866-8F5C-85DD932A2A2E}.Debug|Any CPU.ActiveCfg = Debug|Any CPU
		{4BE735D4-8ACB-4866-8F5C-85DD932A2A2E}.Debug|Any CPU.Build.0 = Debug|Any CPU
		{4BE735D4-8ACB-4866-8F5C-85DD932A2A2E}.Release|Any CPU.ActiveCfg = Release|Any CPU
		{4BE735D4-8ACB-4866-8F5C-85DD932A2A2E}.Release|Any CPU.Build.0 = Release|Any CPU
	EndGlobalSection
	GlobalSection(SolutionProperties) = preSolution
		HideSolutionNode = FALSE
	EndGlobalSection
	GlobalSection(ExtensibilityGlobals) = postSolution
		SolutionGuid = {D9D6B7D9-BC7D-44B7-BD96-41AD18659A8B}
	EndGlobalSection
EndGlobal
