
Microsoft Visual Studio Solution File, Format Version 12.00
Project("{FAE04EC0-301F-11D3-BF4B-00C04F79EFBC}") = "chain-of-responsibility", "chain-of-responsibility\chain-of-responsibility.csproj", "{64A3EA22-6829-4403-AE24-C251A14E13E5}"
EndProject
Project("{FAE04EC0-301F-11D3-BF4B-00C04F79EFBC}") = "observer", "observer\observer.csproj", "{FFE2D5A2-E118-47AD-A97C-55E3DA5D221D}"
EndProject
Project("{FAE04EC0-301F-11D3-BF4B-00C04F79EFBC}") = "command", "command\command.csproj", "{B8AD6054-CBF9-4607-876D-40615A32CC3E}"
EndProject
Project("{FAE04EC0-301F-11D3-BF4B-00C04F79EFBC}") = "mediator", "mediator\mediator.csproj", "{2270566D-7371-4DA8-82D5-DB7EF4DD6D0B}"
EndProject
Project("{FAE04EC0-301F-11D3-BF4B-00C04F79EFBC}") = "strategy", "strategy\strategy.csproj", "{185CEDA5-1D31-4E6C-B673-9B1A67226454}"
EndProject
Global
	GlobalSection(SolutionConfigurationPlatforms) = preSolution
		Debug|Any CPU = Debug|Any CPU
		Release|Any CPU = Release|Any CPU
	EndGlobalSection
	GlobalSection(ProjectConfigurationPlatforms) = postSolution
		{64A3EA22-6829-4403-AE24-C251A14E13E5}.Debug|Any CPU.ActiveCfg = Debug|Any CPU
		{64A3EA22-6829-4403-AE24-C251A14E13E5}.Debug|Any CPU.Build.0 = Debug|Any CPU
		{64A3EA22-6829-4403-AE24-C251A14E13E5}.Release|Any CPU.ActiveCfg = Release|Any CPU
		{64A3EA22-6829-4403-AE24-C251A14E13E5}.Release|Any CPU.Build.0 = Release|Any CPU
		{FFE2D5A2-E118-47AD-A97C-55E3DA5D221D}.Debug|Any CPU.ActiveCfg = Debug|Any CPU
		{FFE2D5A2-E118-47AD-A97C-55E3DA5D221D}.Debug|Any CPU.Build.0 = Debug|Any CPU
		{FFE2D5A2-E118-47AD-A97C-55E3DA5D221D}.Release|Any CPU.ActiveCfg = Release|Any CPU
		{FFE2D5A2-E118-47AD-A97C-55E3DA5D221D}.Release|Any CPU.Build.0 = Release|Any CPU
		{B8AD6054-CBF9-4607-876D-40615A32CC3E}.Debug|Any CPU.ActiveCfg = Debug|Any CPU
		{B8AD6054-CBF9-4607-876D-40615A32CC3E}.Debug|Any CPU.Build.0 = Debug|Any CPU
		{B8AD6054-CBF9-4607-876D-40615A32CC3E}.Release|Any CPU.ActiveCfg = Release|Any CPU
		{B8AD6054-CBF9-4607-876D-40615A32CC3E}.Release|Any CPU.Build.0 = Release|Any CPU
		{2270566D-7371-4DA8-82D5-DB7EF4DD6D0B}.Debug|Any CPU.ActiveCfg = Debug|Any CPU
		{2270566D-7371-4DA8-82D5-DB7EF4DD6D0B}.Debug|Any CPU.Build.0 = Debug|Any CPU
		{2270566D-7371-4DA8-82D5-DB7EF4DD6D0B}.Release|Any CPU.ActiveCfg = Release|Any CPU
		{2270566D-7371-4DA8-82D5-DB7EF4DD6D0B}.Release|Any CPU.Build.0 = Release|Any CPU
		{185CEDA5-1D31-4E6C-B673-9B1A67226454}.Debug|Any CPU.ActiveCfg = Debug|Any CPU
		{185CEDA5-1D31-4E6C-B673-9B1A67226454}.Debug|Any CPU.Build.0 = Debug|Any CPU
		{185CEDA5-1D31-4E6C-B673-9B1A67226454}.Release|Any CPU.ActiveCfg = Release|Any CPU
		{185CEDA5-1D31-4E6C-B673-9B1A67226454}.Release|Any CPU.Build.0 = Release|Any CPU
	EndGlobalSection
EndGlobal
